// !$*UTF8*$!
{
	archiveVersion = 1;
	classes = {
	};
	objectVersion = 55;
	objects = {

/* Begin PBXBuildFile section */
		94FB2E7A676C266D4ED5AEB6 /* Pods_TestTaskRR.framework in Frameworks */ = {isa = PBXBuildFile; fileRef = CDE206B0BBB0195C4DC35F7F /* Pods_TestTaskRR.framework */; };
		BC90CBA729A4ECB7005CD123 /* AppDelegate.swift in Sources */ = {isa = PBXBuildFile; fileRef = BC90CBA629A4ECB7005CD123 /* AppDelegate.swift */; };
		BC90CBA929A4ECB7005CD123 /* SceneDelegate.swift in Sources */ = {isa = PBXBuildFile; fileRef = BC90CBA829A4ECB7005CD123 /* SceneDelegate.swift */; };
		BC90CBAB29A4ECB7005CD123 /* ViewController.swift in Sources */ = {isa = PBXBuildFile; fileRef = BC90CBAA29A4ECB7005CD123 /* ViewController.swift */; };
		BC90CBAE29A4ECB7005CD123 /* Main.storyboard in Resources */ = {isa = PBXBuildFile; fileRef = BC90CBAC29A4ECB7005CD123 /* Main.storyboard */; };
		BC90CBB029A4ECB8005CD123 /* Assets.xcassets in Resources */ = {isa = PBXBuildFile; fileRef = BC90CBAF29A4ECB8005CD123 /* Assets.xcassets */; };
		BC90CBB329A4ECB8005CD123 /* LaunchScreen.storyboard in Resources */ = {isa = PBXBuildFile; fileRef = BC90CBB129A4ECB8005CD123 /* LaunchScreen.storyboard */; };
		BC90CBBE29A4F676005CD123 /* CollectionViewCell.swift in Sources */ = {isa = PBXBuildFile; fileRef = BC90CBBC29A4F676005CD123 /* CollectionViewCell.swift */; };
		BC90CBC929A62900005CD123 /* ViewModel.swift in Sources */ = {isa = PBXBuildFile; fileRef = BC90CBC829A62900005CD123 /* ViewModel.swift */; };
		BC90CBCB29A62A07005CD123 /* Model.swift in Sources */ = {isa = PBXBuildFile; fileRef = BC90CBCA29A62A07005CD123 /* Model.swift */; };
		BC90CBCE29A62B51005CD123 /* NetworkService.swift in Sources */ = {isa = PBXBuildFile; fileRef = BC90CBCD29A62B51005CD123 /* NetworkService.swift */; };
		BC90CBD029A62BA4005CD123 /* NetworkDataFetcher.swift in Sources */ = {isa = PBXBuildFile; fileRef = BC90CBCF29A62BA4005CD123 /* NetworkDataFetcher.swift */; };
/* End PBXBuildFile section */

/* Begin PBXFileReference section */
		147828CAEF86D7344587DBBA /* Pods-TestTaskRR.debug.xcconfig */ = {isa = PBXFileReference; includeInIndex = 1; lastKnownFileType = text.xcconfig; name = "Pods-TestTaskRR.debug.xcconfig"; path = "Target Support Files/Pods-TestTaskRR/Pods-TestTaskRR.debug.xcconfig"; sourceTree = "<group>"; };
		74E15CDBD501E2158A9F7EA5 /* Pods-TestTaskRR.release.xcconfig */ = {isa = PBXFileReference; includeInIndex = 1; lastKnownFileType = text.xcconfig; name = "Pods-TestTaskRR.release.xcconfig"; path = "Target Support Files/Pods-TestTaskRR/Pods-TestTaskRR.release.xcconfig"; sourceTree = "<group>"; };
		BC90CBA329A4ECB7005CD123 /* TestTaskRR.app */ = {isa = PBXFileReference; explicitFileType = wrapper.application; includeInIndex = 0; path = TestTaskRR.app; sourceTree = BUILT_PRODUCTS_DIR; };
		BC90CBA629A4ECB7005CD123 /* AppDelegate.swift */ = {isa = PBXFileReference; lastKnownFileType = sourcecode.swift; path = AppDelegate.swift; sourceTree = "<group>"; };
		BC90CBA829A4ECB7005CD123 /* SceneDelegate.swift */ = {isa = PBXFileReference; lastKnownFileType = sourcecode.swift; path = SceneDelegate.swift; sourceTree = "<group>"; };
		BC90CBAA29A4ECB7005CD123 /* ViewController.swift */ = {isa = PBXFileReference; lastKnownFileType = sourcecode.swift; path = ViewController.swift; sourceTree = "<group>"; };
		BC90CBAD29A4ECB7005CD123 /* Base */ = {isa = PBXFileReference; lastKnownFileType = file.storyboard; name = Base; path = Base.lproj/Main.storyboard; sourceTree = "<group>"; };
		BC90CBAF29A4ECB8005CD123 /* Assets.xcassets */ = {isa = PBXFileReference; lastKnownFileType = folder.assetcatalog; path = Assets.xcassets; sourceTree = "<group>"; };
		BC90CBB229A4ECB8005CD123 /* Base */ = {isa = PBXFileReference; lastKnownFileType = file.storyboard; name = Base; path = Base.lproj/LaunchScreen.storyboard; sourceTree = "<group>"; };
		BC90CBB429A4ECB8005CD123 /* Info.plist */ = {isa = PBXFileReference; lastKnownFileType = text.plist.xml; path = Info.plist; sourceTree = "<group>"; };
		BC90CBBC29A4F676005CD123 /* CollectionViewCell.swift */ = {isa = PBXFileReference; lastKnownFileType = sourcecode.swift; path = CollectionViewCell.swift; sourceTree = "<group>"; };
		BC90CBC829A62900005CD123 /* ViewModel.swift */ = {isa = PBXFileReference; lastKnownFileType = sourcecode.swift; path = ViewModel.swift; sourceTree = "<group>"; };
		BC90CBCA29A62A07005CD123 /* Model.swift */ = {isa = PBXFileReference; lastKnownFileType = sourcecode.swift; path = Model.swift; sourceTree = "<group>"; };
		BC90CBCD29A62B51005CD123 /* NetworkService.swift */ = {isa = PBXFileReference; lastKnownFileType = sourcecode.swift; path = NetworkService.swift; sourceTree = "<group>"; };
		BC90CBCF29A62BA4005CD123 /* NetworkDataFetcher.swift */ = {isa = PBXFileReference; lastKnownFileType = sourcecode.swift; path = NetworkDataFetcher.swift; sourceTree = "<group>"; };
		CDE206B0BBB0195C4DC35F7F /* Pods_TestTaskRR.framework */ = {isa = PBXFileReference; explicitFileType = wrapper.framework; includeInIndex = 0; path = Pods_TestTaskRR.framework; sourceTree = BUILT_PRODUCTS_DIR; };
/* End PBXFileReference section */

/* Begin PBXFrameworksBuildPhase section */
		BC90CBA029A4ECB7005CD123 /* Frameworks */ = {
			isa = PBXFrameworksBuildPhase;
			buildActionMask = 2147483647;
			files = (
				94FB2E7A676C266D4ED5AEB6 /* Pods_TestTaskRR.framework in Frameworks */,
			);
			runOnlyForDeploymentPostprocessing = 0;
		};
/* End PBXFrameworksBuildPhase section */

/* Begin PBXGroup section */
		5DAF7A83B7477646C217AE8A /* Frameworks */ = {
			isa = PBXGroup;
			children = (
				CDE206B0BBB0195C4DC35F7F /* Pods_TestTaskRR.framework */,
			);
			name = Frameworks;
			sourceTree = "<group>";
		};
		90A715CFA2639135008206D6 /* Pods */ = {
			isa = PBXGroup;
			children = (
				147828CAEF86D7344587DBBA /* Pods-TestTaskRR.debug.xcconfig */,
				74E15CDBD501E2158A9F7EA5 /* Pods-TestTaskRR.release.xcconfig */,
			);
			path = Pods;
			sourceTree = "<group>";
		};
		BC90CB9A29A4ECB7005CD123 = {
			isa = PBXGroup;
			children = (
				BC90CBA529A4ECB7005CD123 /* TestTaskRR */,
				BC90CBA429A4ECB7005CD123 /* Products */,
				90A715CFA2639135008206D6 /* Pods */,
				5DAF7A83B7477646C217AE8A /* Frameworks */,
			);
			sourceTree = "<group>";
		};
		BC90CBA429A4ECB7005CD123 /* Products */ = {
			isa = PBXGroup;
			children = (
				BC90CBA329A4ECB7005CD123 /* TestTaskRR.app */,
			);
			name = Products;
			sourceTree = "<group>";
		};
		BC90CBA529A4ECB7005CD123 /* TestTaskRR */ = {
			isa = PBXGroup;
			children = (
				BC90CBA629A4ECB7005CD123 /* AppDelegate.swift */,
				BC90CBA829A4ECB7005CD123 /* SceneDelegate.swift */,
				BC90CBAA29A4ECB7005CD123 /* ViewController.swift */,
				BC90CBC829A62900005CD123 /* ViewModel.swift */,
				BC90CBCA29A62A07005CD123 /* Model.swift */,
				BC90CBCC29A62B00005CD123 /* Service */,
				BC90CBBB29A4F62E005CD123 /* Cell */,
				BC90CBAC29A4ECB7005CD123 /* Main.storyboard */,
				BC90CBAF29A4ECB8005CD123 /* Assets.xcassets */,
				BC90CBB129A4ECB8005CD123 /* LaunchScreen.storyboard */,
				BC90CBB429A4ECB8005CD123 /* Info.plist */,
			);
			path = TestTaskRR;
			sourceTree = "<group>";
		};
		BC90CBBB29A4F62E005CD123 /* Cell */ = {
			isa = PBXGroup;
			children = (
				BC90CBBC29A4F676005CD123 /* CollectionViewCell.swift */,
			);
			path = Cell;
			sourceTree = "<group>";
		};
		BC90CBCC29A62B00005CD123 /* Service */ = {
			isa = PBXGroup;
			children = (
				BC90CBCD29A62B51005CD123 /* NetworkService.swift */,
				BC90CBCF29A62BA4005CD123 /* NetworkDataFetcher.swift */,
			);
			path = Service;
			sourceTree = "<group>";
		};
/* End PBXGroup section */

/* Begin PBXNativeTarget section */
		BC90CBA229A4ECB7005CD123 /* TestTaskRR */ = {
			isa = PBXNativeTarget;
			buildConfigurationList = BC90CBB729A4ECB8005CD123 /* Build configuration list for PBXNativeTarget "TestTaskRR" */;
			buildPhases = (
				F8B342C15B17F1A2C8C878EE /* [CP] Check Pods Manifest.lock */,
				BC90CB9F29A4ECB7005CD123 /* Sources */,
				BC90CBA029A4ECB7005CD123 /* Frameworks */,
				BC90CBA129A4ECB7005CD123 /* Resources */,
				F89F95963DCF06220CCC7944 /* [CP] Embed Pods Frameworks */,
			);
			buildRules = (
			);
			dependencies = (
			);
			name = TestTaskRR;
			productName = TestTaskRR;
			productReference = BC90CBA329A4ECB7005CD123 /* TestTaskRR.app */;
			productType = "com.apple.product-type.application";
		};
/* End PBXNativeTarget section */

/* Begin PBXProject section */
		BC90CB9B29A4ECB7005CD123 /* Project object */ = {
			isa = PBXProject;
			attributes = {
				BuildIndependentTargetsInParallel = 1;
				LastSwiftUpdateCheck = 1420;
				LastUpgradeCheck = 1420;
				TargetAttributes = {
					BC90CBA229A4ECB7005CD123 = {
						CreatedOnToolsVersion = 14.2;
					};
				};
			};
			buildConfigurationList = BC90CB9E29A4ECB7005CD123 /* Build configuration list for PBXProject "TestTaskRR" */;
			compatibilityVersion = "Xcode 13.0";
			developmentRegion = en;
			hasScannedForEncodings = 0;
			knownRegions = (
				en,
				Base,
			);
			mainGroup = BC90CB9A29A4ECB7005CD123;
			productRefGroup = BC90CBA429A4ECB7005CD123 /* Products */;
			projectDirPath = "";
			projectRoot = "";
			targets = (
				BC90CBA229A4ECB7005CD123 /* TestTaskRR */,
			);
		};
/* End PBXProject section */

/* Begin PBXResourcesBuildPhase section */
		BC90CBA129A4ECB7005CD123 /* Resources */ = {
			isa = PBXResourcesBuildPhase;
			buildActionMask = 2147483647;
			files = (
				BC90CBB329A4ECB8005CD123 /* LaunchScreen.storyboard in Resources */,
				BC90CBB029A4ECB8005CD123 /* Assets.xcassets in Resources */,
				BC90CBAE29A4ECB7005CD123 /* Main.storyboard in Resources */,
			);
			runOnlyForDeploymentPostprocessing = 0;
		};
/* End PBXResourcesBuildPhase section */

/* Begin PBXShellScriptBuildPhase section */
		F89F95963DCF06220CCC7944 /* [CP] Embed Pods Frameworks */ = {
			isa = PBXShellScriptBuildPhase;
			buildActionMask = 2147483647;
			files = (
			);
			inputFileListPaths = (
				"${PODS_ROOT}/Target Support Files/Pods-TestTaskRR/Pods-TestTaskRR-frameworks-${CONFIGURATION}-input-files.xcfilelist",
			);
			name = "[CP] Embed Pods Frameworks";
			outputFileListPaths = (
				"${PODS_ROOT}/Target Support Files/Pods-TestTaskRR/Pods-TestTaskRR-frameworks-${CONFIGURATION}-output-files.xcfilelist",
			);
			runOnlyForDeploymentPostprocessing = 0;
			shellPath = /bin/sh;
			shellScript = "\"${PODS_ROOT}/Target Support Files/Pods-TestTaskRR/Pods-TestTaskRR-frameworks.sh\"\n";
			showEnvVarsInLog = 0;
		};
		F8B342C15B17F1A2C8C878EE /* [CP] Check Pods Manifest.lock */ = {
			isa = PBXShellScriptBuildPhase;
			buildActionMask = 2147483647;
			files = (
			);
			inputFileListPaths = (
			);
			inputPaths = (
				"${PODS_PODFILE_DIR_PATH}/Podfile.lock",
				"${PODS_ROOT}/Manifest.lock",
			);
			name = "[CP] Check Pods Manifest.lock";
			outputFileListPaths = (
			);
			outputPaths = (
				"$(DERIVED_FILE_DIR)/Pods-TestTaskRR-checkManifestLockResult.txt",
			);
			runOnlyForDeploymentPostprocessing = 0;
			shellPath = /bin/sh;
			shellScript = "diff \"${PODS_PODFILE_DIR_PATH}/Podfile.lock\" \"${PODS_ROOT}/Manifest.lock\" > /dev/null\nif [ $? != 0 ] ; then\n    # print error to STDERR\n    echo \"error: The sandbox is not in sync with the Podfile.lock. Run 'pod install' or update your CocoaPods installation.\" >&2\n    exit 1\nfi\n# This output is used by Xcode 'outputs' to avoid re-running this script phase.\necho \"SUCCESS\" > \"${SCRIPT_OUTPUT_FILE_0}\"\n";
			showEnvVarsInLog = 0;
		};
/* End PBXShellScriptBuildPhase section */

/* Begin PBXSourcesBuildPhase section */
		BC90CB9F29A4ECB7005CD123 /* Sources */ = {
			isa = PBXSourcesBuildPhase;
			buildActionMask = 2147483647;
			files = (
				BC90CBD029A62BA4005CD123 /* NetworkDataFetcher.swift in Sources */,
				BC90CBC929A62900005CD123 /* ViewModel.swift in Sources */,
				BC90CBAB29A4ECB7005CD123 /* ViewController.swift in Sources */,
				BC90CBA729A4ECB7005CD123 /* AppDelegate.swift in Sources */,
				BC90CBCB29A62A07005CD123 /* Model.swift in Sources */,
				BC90CBBE29A4F676005CD123 /* CollectionViewCell.swift in Sources */,
				BC90CBA929A4ECB7005CD123 /* SceneDelegate.swift in Sources */,
				BC90CBCE29A62B51005CD123 /* NetworkService.swift in Sources */,
			);
			runOnlyForDeploymentPostprocessing = 0;
		};
/* End PBXSourcesBuildPhase section */

/* Begin PBXVariantGroup section */
		BC90CBAC29A4ECB7005CD123 /* Main.storyboard */ = {
			isa = PBXVariantGroup;
			children = (
				BC90CBAD29A4ECB7005CD123 /* Base */,
			);
			name = Main.storyboard;
			sourceTree = "<group>";
		};
		BC90CBB129A4ECB8005CD123 /* LaunchScreen.storyboard */ = {
			isa = PBXVariantGroup;
			children = (
				BC90CBB229A4ECB8005CD123 /* Base */,
			);
			name = LaunchScreen.storyboard;
			sourceTree = "<group>";
		};
/* End PBXVariantGroup section */

/* Begin XCBuildConfiguration section */
		BC90CBB529A4ECB8005CD123 /* Debug */ = {
			isa = XCBuildConfiguration;
			buildSettings = {
				ALWAYS_SEARCH_USER_PATHS = NO;
				CLANG_ANALYZER_NONNULL = YES;
				CLANG_ANALYZER_NUMBER_OBJECT_CONVERSION = YES_AGGRESSIVE;
				CLANG_CXX_LANGUAGE_STANDARD = "gnu++20";
				CLANG_ENABLE_MODULES = YES;
				CLANG_ENABLE_OBJC_ARC = YES;
				CLANG_ENABLE_OBJC_WEAK = YES;
				CLANG_WARN_BLOCK_CAPTURE_AUTORELEASING = YES;
				CLANG_WARN_BOOL_CONVERSION = YES;
				CLANG_WARN_COMMA = YES;
				CLANG_WARN_CONSTANT_CONVERSION = YES;
				CLANG_WARN_DEPRECATED_OBJC_IMPLEMENTATIONS = YES;
				CLANG_WARN_DIRECT_OBJC_ISA_USAGE = YES_ERROR;
				CLANG_WARN_DOCUMENTATION_COMMENTS = YES;
				CLANG_WARN_EMPTY_BODY = YES;
				CLANG_WARN_ENUM_CONVERSION = YES;
				CLANG_WARN_INFINITE_RECURSION = YES;
				CLANG_WARN_INT_CONVERSION = YES;
				CLANG_WARN_NON_LITERAL_NULL_CONVERSION = YES;
				CLANG_WARN_OBJC_IMPLICIT_RETAIN_SELF = YES;
				CLANG_WARN_OBJC_LITERAL_CONVERSION = YES;
				CLANG_WARN_OBJC_ROOT_CLASS = YES_ERROR;
				CLANG_WARN_QUOTED_INCLUDE_IN_FRAMEWORK_HEADER = YES;
				CLANG_WARN_RANGE_LOOP_ANALYSIS = YES;
				CLANG_WARN_STRICT_PROTOTYPES = YES;
				CLANG_WARN_SUSPICIOUS_MOVE = YES;
				CLANG_WARN_UNGUARDED_AVAILABILITY = YES_AGGRESSIVE;
				CLANG_WARN_UNREACHABLE_CODE = YES;
				CLANG_WARN__DUPLICATE_METHOD_MATCH = YES;
				COPY_PHASE_STRIP = NO;
				DEBUG_INFORMATION_FORMAT = dwarf;
				ENABLE_STRICT_OBJC_MSGSEND = YES;
				ENABLE_TESTABILITY = YES;
				GCC_C_LANGUAGE_STANDARD = gnu11;
				GCC_DYNAMIC_NO_PIC = NO;
				GCC_NO_COMMON_BLOCKS = YES;
				GCC_OPTIMIZATION_LEVEL = 0;
				GCC_PREPROCESSOR_DEFINITIONS = (
					"DEBUG=1",
					"$(inherited)",
				);
				GCC_WARN_64_TO_32_BIT_CONVERSION = YES;
				GCC_WARN_ABOUT_RETURN_TYPE = YES_ERROR;
				GCC_WARN_UNDECLARED_SELECTOR = YES;
				GCC_WARN_UNINITIALIZED_AUTOS = YES_AGGRESSIVE;
				GCC_WARN_UNUSED_FUNCTION = YES;
				GCC_WARN_UNUSED_VARIABLE = YES;
				IPHONEOS_DEPLOYMENT_TARGET = 16.2;
				MTL_ENABLE_DEBUG_INFO = INCLUDE_SOURCE;
				MTL_FAST_MATH = YES;
				ONLY_ACTIVE_ARCH = YES;
				SDKROOT = iphoneos;
				SWIFT_ACTIVE_COMPILATION_CONDITIONS = DEBUG;
				SWIFT_OPTIMIZATION_LEVEL = "-Onone";
			};
			name = Debug;
		};
		BC90CBB629A4ECB8005CD123 /* Release */ = {
			isa = XCBuildConfiguration;
			buildSettings = {
				ALWAYS_SEARCH_USER_PATHS = NO;
				CLANG_ANALYZER_NONNULL = YES;
				CLANG_ANALYZER_NUMBER_OBJECT_CONVERSION = YES_AGGRESSIVE;
				CLANG_CXX_LANGUAGE_STANDARD = "gnu++20";
				CLANG_ENABLE_MODULES = YES;
				CLANG_ENABLE_OBJC_ARC = YES;
				CLANG_ENABLE_OBJC_WEAK = YES;
				CLANG_WARN_BLOCK_CAPTURE_AUTORELEASING = YES;
				CLANG_WARN_BOOL_CONVERSION = YES;
				CLANG_WARN_COMMA = YES;
				CLANG_WARN_CONSTANT_CONVERSION = YES;
				CLANG_WARN_DEPRECATED_OBJC_IMPLEMENTATIONS = YES;
				CLANG_WARN_DIRECT_OBJC_ISA_USAGE = YES_ERROR;
				CLANG_WARN_DOCUMENTATION_COMMENTS = YES;
				CLANG_WARN_EMPTY_BODY = YES;
				CLANG_WARN_ENUM_CONVERSION = YES;
				CLANG_WARN_INFINITE_RECURSION = YES;
				CLANG_WARN_INT_CONVERSION = YES;
				CLANG_WARN_NON_LITERAL_NULL_CONVERSION = YES;
				CLANG_WARN_OBJC_IMPLICIT_RETAIN_SELF = YES;
				CLANG_WARN_OBJC_LITERAL_CONVERSION = YES;
				CLANG_WARN_OBJC_ROOT_CLASS = YES_ERROR;
				CLANG_WARN_QUOTED_INCLUDE_IN_FRAMEWORK_HEADER = YES;
				CLANG_WARN_RANGE_LOOP_ANALYSIS = YES;
				CLANG_WARN_STRICT_PROTOTYPES = YES;
				CLANG_WARN_SUSPICIOUS_MOVE = YES;
				CLANG_WARN_UNGUARDED_AVAILABILITY = YES_AGGRESSIVE;
				CLANG_WARN_UNREACHABLE_CODE = YES;
				CLANG_WARN__DUPLICATE_METHOD_MATCH = YES;
				COPY_PHASE_STRIP = NO;
				DEBUG_INFORMATION_FORMAT = "dwarf-with-dsym";
				ENABLE_NS_ASSERTIONS = NO;
				ENABLE_STRICT_OBJC_MSGSEND = YES;
				GCC_C_LANGUAGE_STANDARD = gnu11;
				GCC_NO_COMMON_BLOCKS = YES;
				GCC_WARN_64_TO_32_BIT_CONVERSION = YES;
				GCC_WARN_ABOUT_RETURN_TYPE = YES_ERROR;
				GCC_WARN_UNDECLARED_SELECTOR = YES;
				GCC_WARN_UNINITIALIZED_AUTOS = YES_AGGRESSIVE;
				GCC_WARN_UNUSED_FUNCTION = YES;
				GCC_WARN_UNUSED_VARIABLE = YES;
				IPHONEOS_DEPLOYMENT_TARGET = 16.2;
				MTL_ENABLE_DEBUG_INFO = NO;
				MTL_FAST_MATH = YES;
				SDKROOT = iphoneos;
				SWIFT_COMPILATION_MODE = wholemodule;
				SWIFT_OPTIMIZATION_LEVEL = "-O";
				VALIDATE_PRODUCT = YES;
			};
			name = Release;
		};
		BC90CBB829A4ECB8005CD123 /* Debug */ = {
			isa = XCBuildConfiguration;
			baseConfigurationReference = 147828CAEF86D7344587DBBA /* Pods-TestTaskRR.debug.xcconfig */;
			buildSettings = {
				ASSETCATALOG_COMPILER_APPICON_NAME = AppIcon;
				ASSETCATALOG_COMPILER_GLOBAL_ACCENT_COLOR_NAME = AccentColor;
				CODE_SIGN_STYLE = Automatic;
				CURRENT_PROJECT_VERSION = 1;
				DEVELOPMENT_TEAM = 8P4ZG88G9N;
				GENERATE_INFOPLIST_FILE = YES;
				INFOPLIST_FILE = TestTaskRR/Info.plist;
				INFOPLIST_KEY_UIApplicationSupportsIndirectInputEvents = YES;
				INFOPLIST_KEY_UILaunchStoryboardName = LaunchScreen;
				INFOPLIST_KEY_UIMainStoryboardFile = Main;
				INFOPLIST_KEY_UISupportedInterfaceOrientations_iPad = "UIInterfaceOrientationPortrait UIInterfaceOrientationPortraitUpsideDown UIInterfaceOrientationLandscapeLeft UIInterfaceOrientationLandscapeRight";
				INFOPLIST_KEY_UISupportedInterfaceOrientations_iPhone = "UIInterfaceOrientationPortrait UIInterfaceOrientationLandscapeLeft UIInterfaceOrientationLandscapeRight";
				LD_RUNPATH_SEARCH_PATHS = (
					"$(inherited)",
					"@executable_path/Frameworks",
				);
				MARKETING_VERSION = 1.0;
				PRODUCT_BUNDLE_IDENTIFIER = Sapsan.TestTaskRR;
				PRODUCT_NAME = "$(TARGET_NAME)";
				SWIFT_EMIT_LOC_STRINGS = YES;
				SWIFT_VERSION = 5.0;
				TARGETED_DEVICE_FAMILY = "1,2";
			};
			name = Debug;
		};
		BC90CBB929A4ECB8005CD123 /* Release */ = {
			isa = XCBuildConfiguration;
			baseConfigurationReference = 74E15CDBD501E2158A9F7EA5 /* Pods-TestTaskRR.release.xcconfig */;
			buildSettings = {
				ASSETCATALOG_COMPILER_APPICON_NAME = AppIcon;
				ASSETCATALOG_COMPILER_GLOBAL_ACCENT_COLOR_NAME = AccentColor;
				CODE_SIGN_STYLE = Automatic;
				CURRENT_PROJECT_VERSION = 1;
				DEVELOPMENT_TEAM = 8P4ZG88G9N;
				GENERATE_INFOPLIST_FILE = YES;
				INFOPLIST_FILE = TestTaskRR/Info.plist;
				INFOPLIST_KEY_UIApplicationSupportsIndirectInputEvents = YES;
				INFOPLIST_KEY_UILaunchStoryboardName = LaunchScreen;
				INFOPLIST_KEY_UIMainStoryboardFile = Main;
				INFOPLIST_KEY_UISupportedInterfaceOrientations_iPad = "UIInterfaceOrientationPortrait UIInterfaceOrientationPortraitUpsideDown UIInterfaceOrientationLandscapeLeft UIInterfaceOrientationLandscapeRight";
				INFOPLIST_KEY_UISupportedInterfaceOrientations_iPhone = "UIInterfaceOrientationPortrait UIInterfaceOrientationLandscapeLeft UIInterfaceOrientationLandscapeRight";
				LD_RUNPATH_SEARCH_PATHS = (
					"$(inherited)",
					"@executable_path/Frameworks",
				);
				MARKETING_VERSION = 1.0;
				PRODUCT_BUNDLE_IDENTIFIER = Sapsan.TestTaskRR;
				PRODUCT_NAME = "$(TARGET_NAME)";
				SWIFT_EMIT_LOC_STRINGS = YES;
				SWIFT_VERSION = 5.0;
				TARGETED_DEVICE_FAMILY = "1,2";
			};
			name = Release;
		};
/* End XCBuildConfiguration section */

/* Begin XCConfigurationList section */
		BC90CB9E29A4ECB7005CD123 /* Build configuration list for PBXProject "TestTaskRR" */ = {
			isa = XCConfigurationList;
			buildConfigurations = (
				BC90CBB529A4ECB8005CD123 /* Debug */,
				BC90CBB629A4ECB8005CD123 /* Release */,
			);
			defaultConfigurationIsVisible = 0;
			defaultConfigurationName = Release;
		};
		BC90CBB729A4ECB8005CD123 /* Build configuration list for PBXNativeTarget "TestTaskRR" */ = {
			isa = XCConfigurationList;
			buildConfigurations = (
				BC90CBB829A4ECB8005CD123 /* Debug */,
				BC90CBB929A4ECB8005CD123 /* Release */,
			);
			defaultConfigurationIsVisible = 0;
			defaultConfigurationName = Release;
		};
/* End XCConfigurationList section */
	};
	rootObject = BC90CB9B29A4ECB7005CD123 /* Project object */;
}
